
Microsoft Visual Studio Solution File, Format Version 12.00
# Visual Studio Version 16
VisualStudioVersion = 16.0.29409.12
MinimumVisualStudioVersion = 10.0.40219.1
Project("{FAE04EC0-301F-11D3-BF4B-00C04F79EFBC}") = "Calc_Polc", "Calc_Polc\Calc_Polc.csproj", "{CDC4E6F0-5AE7-40AB-A2C2-7EE3648D0CA9}"
EndProject
Global
	GlobalSection(SolutionConfigurationPlatforms) = preSolution
		Debug|Any CPU = Debug|Any CPU
		Release|Any CPU = Release|Any CPU
	EndGlobalSection
	GlobalSection(ProjectConfigurationPlatforms) = postSolution
		{CDC4E6F0-5AE7-40AB-A2C2-7EE3648D0CA9}.Debug|Any CPU.ActiveCfg = Debug|Any CPU
		{CDC4E6F0-5AE7-40AB-A2C2-7EE3648D0CA9}.Debug|Any CPU.Build.0 = Debug|Any CPU
		{CDC4E6F0-5AE7-40AB-A2C2-7EE3648D0CA9}.Release|Any CPU.ActiveCfg = Release|Any CPU
		{CDC4E6F0-5AE7-40AB-A2C2-7EE3648D0CA9}.Release|Any CPU.Build.0 = Release|Any CPU
	EndGlobalSection
	GlobalSection(SolutionProperties) = preSolution
		HideSolutionNode = FALSE
	EndGlobalSection
	GlobalSection(ExtensibilityGlobals) = postSolution
		SolutionGuid = {415442A0-0461-458D-834D-85B9428027AE}
	EndGlobalSection
EndGlobal
